{
  "version": 1,
  "dependencies": {
    "net10.0": {
      "System.CommandLine": {
        "type": "Direct",
        "requested": "[2.0.3, )",
        "resolved": "2.0.3",
        "contentHash": "5nY9hlrGGFEmyecNUux58sohD2Q16U6jlFBYwH57b2IVUs+u7LfMFaHwOtw2tuIi8CUl6jKXw5s4FuIt9aLtug=="
      }
    }
  }
}