<Solution>
  <Folder Name="/apphost/">
    <Project Path="src/apphost/Aspire.Dev.AppHost/Aspire.Dev.AppHost.csproj" />
    <Project Path="src/apphost/Aspire.Dev.Preview.AppHost/Aspire.Dev.Preview.AppHost.csproj" />
  </Folder>
  <Folder Name="/statichost/">
    <Project Path="src/statichost/StaticHost/StaticHost.csproj" />
    <Project Path="src/statichost/PreviewHost/PreviewHost.csproj" />
  </Folder>
  <Project Path="src/frontend/frontend.esproj">
    <Build />
    <Deploy />
  </Project>
</Solution>
