<Solution>
  <Folder Name="/apphost/">
    <Project Path="src/apphost/Aspire.Dev.AppHost/Aspire.Dev.AppHost.csproj" />
  </Folder>
  <Folder Name="/statichost/">
    <Project Path="src/statichost/StaticHost/StaticHost.csproj" />
  </Folder>
  <Folder Name="/tests/">
    <Project Path="tests/AtsJsonGenerator.Tests/AtsJsonGenerator.Tests.csproj" />
    <Project Path="tests/PackageJsonGenerator.Tests/PackageJsonGenerator.Tests.csproj" />
    <Project Path="tests/StaticHost.Tests/StaticHost.Tests.csproj" />
  </Folder>
  <Project Path="src/frontend/frontend.esproj">
    <Build />
    <Deploy />
  </Project>
</Solution>
