<Solution>
  <Folder Name="/apphost/">
    <Project Path="apphost/Aspire.Dev.AppHost/Aspire.Dev.AppHost.csproj" />
  </Folder>
  <Folder Name="/statichost/">
    <Project Path="statichost/StaticHost/StaticHost.csproj" />
  </Folder>
  <Project Path="frontend/frontend.esproj">
    <Build />
    <Deploy />
  </Project>
</Solution>
